
Microsoft Visual Studio Solution File, Format Version 12.00
# Visual Studio 15
VisualStudioVersion = 15.0.26124.0
MinimumVisualStudioVersion = 15.0.26124.0
Project("{FAE04EC0-301F-11D3-BF4B-00C04F79EFBC}") = "day1", "day1\day1.csproj", "{EF8B5444-EA14-4395-8FE4-7C19EB7CE3BC}"
EndProject
Project("{FAE04EC0-301F-11D3-BF4B-00C04F79EFBC}") = "day2", "day2\day2.csproj", "{68BB9150-A441-4DFC-8221-DD9BEF78AE21}"
EndProject
Project("{FAE04EC0-301F-11D3-BF4B-00C04F79EFBC}") = "day3", "day3\day3.csproj", "{B8A171CB-F06B-476A-9315-14D45D3894C3}"
EndProject
Project("{FAE04EC0-301F-11D3-BF4B-00C04F79EFBC}") = "day4", "day4\day4.csproj", "{95D32E0D-8E86-4C4A-9B9C-DDFCA5A92E72}"
EndProject
Global
	GlobalSection(SolutionConfigurationPlatforms) = preSolution
		Debug|Any CPU = Debug|Any CPU
		Debug|x64 = Debug|x64
		Debug|x86 = Debug|x86
		Release|Any CPU = Release|Any CPU
		Release|x64 = Release|x64
		Release|x86 = Release|x86
	EndGlobalSection
	GlobalSection(SolutionProperties) = preSolution
		HideSolutionNode = FALSE
	EndGlobalSection
	GlobalSection(ProjectConfigurationPlatforms) = postSolution
		{EF8B5444-EA14-4395-8FE4-7C19EB7CE3BC}.Debug|Any CPU.ActiveCfg = Debug|Any CPU
		{EF8B5444-EA14-4395-8FE4-7C19EB7CE3BC}.Debug|Any CPU.Build.0 = Debug|Any CPU
		{EF8B5444-EA14-4395-8FE4-7C19EB7CE3BC}.Debug|x64.ActiveCfg = Debug|Any CPU
		{EF8B5444-EA14-4395-8FE4-7C19EB7CE3BC}.Debug|x64.Build.0 = Debug|Any CPU
		{EF8B5444-EA14-4395-8FE4-7C19EB7CE3BC}.Debug|x86.ActiveCfg = Debug|Any CPU
		{EF8B5444-EA14-4395-8FE4-7C19EB7CE3BC}.Debug|x86.Build.0 = Debug|Any CPU
		{EF8B5444-EA14-4395-8FE4-7C19EB7CE3BC}.Release|Any CPU.ActiveCfg = Release|Any CPU
		{EF8B5444-EA14-4395-8FE4-7C19EB7CE3BC}.Release|Any CPU.Build.0 = Release|Any CPU
		{EF8B5444-EA14-4395-8FE4-7C19EB7CE3BC}.Release|x64.ActiveCfg = Release|Any CPU
		{EF8B5444-EA14-4395-8FE4-7C19EB7CE3BC}.Release|x64.Build.0 = Release|Any CPU
		{EF8B5444-EA14-4395-8FE4-7C19EB7CE3BC}.Release|x86.ActiveCfg = Release|Any CPU
		{EF8B5444-EA14-4395-8FE4-7C19EB7CE3BC}.Release|x86.Build.0 = Release|Any CPU
		{68BB9150-A441-4DFC-8221-DD9BEF78AE21}.Debug|Any CPU.ActiveCfg = Debug|Any CPU
		{68BB9150-A441-4DFC-8221-DD9BEF78AE21}.Debug|Any CPU.Build.0 = Debug|Any CPU
		{68BB9150-A441-4DFC-8221-DD9BEF78AE21}.Debug|x64.ActiveCfg = Debug|Any CPU
		{68BB9150-A441-4DFC-8221-DD9BEF78AE21}.Debug|x64.Build.0 = Debug|Any CPU
		{68BB9150-A441-4DFC-8221-DD9BEF78AE21}.Debug|x86.ActiveCfg = Debug|Any CPU
		{68BB9150-A441-4DFC-8221-DD9BEF78AE21}.Debug|x86.Build.0 = Debug|Any CPU
		{68BB9150-A441-4DFC-8221-DD9BEF78AE21}.Release|Any CPU.ActiveCfg = Release|Any CPU
		{68BB9150-A441-4DFC-8221-DD9BEF78AE21}.Release|Any CPU.Build.0 = Release|Any CPU
		{68BB9150-A441-4DFC-8221-DD9BEF78AE21}.Release|x64.ActiveCfg = Release|Any CPU
		{68BB9150-A441-4DFC-8221-DD9BEF78AE21}.Release|x64.Build.0 = Release|Any CPU
		{68BB9150-A441-4DFC-8221-DD9BEF78AE21}.Release|x86.ActiveCfg = Release|Any CPU
		{68BB9150-A441-4DFC-8221-DD9BEF78AE21}.Release|x86.Build.0 = Release|Any CPU
		{B8A171CB-F06B-476A-9315-14D45D3894C3}.Debug|Any CPU.ActiveCfg = Debug|Any CPU
		{B8A171CB-F06B-476A-9315-14D45D3894C3}.Debug|Any CPU.Build.0 = Debug|Any CPU
		{B8A171CB-F06B-476A-9315-14D45D3894C3}.Debug|x64.ActiveCfg = Debug|Any CPU
		{B8A171CB-F06B-476A-9315-14D45D3894C3}.Debug|x64.Build.0 = Debug|Any CPU
		{B8A171CB-F06B-476A-9315-14D45D3894C3}.Debug|x86.ActiveCfg = Debug|Any CPU
		{B8A171CB-F06B-476A-9315-14D45D3894C3}.Debug|x86.Build.0 = Debug|Any CPU
		{B8A171CB-F06B-476A-9315-14D45D3894C3}.Release|Any CPU.ActiveCfg = Release|Any CPU
		{B8A171CB-F06B-476A-9315-14D45D3894C3}.Release|Any CPU.Build.0 = Release|Any CPU
		{B8A171CB-F06B-476A-9315-14D45D3894C3}.Release|x64.ActiveCfg = Release|Any CPU
		{B8A171CB-F06B-476A-9315-14D45D3894C3}.Release|x64.Build.0 = Release|Any CPU
		{B8A171CB-F06B-476A-9315-14D45D3894C3}.Release|x86.ActiveCfg = Release|Any CPU
		{B8A171CB-F06B-476A-9315-14D45D3894C3}.Release|x86.Build.0 = Release|Any CPU
		{95D32E0D-8E86-4C4A-9B9C-DDFCA5A92E72}.Debug|Any CPU.ActiveCfg = Debug|Any CPU
		{95D32E0D-8E86-4C4A-9B9C-DDFCA5A92E72}.Debug|Any CPU.Build.0 = Debug|Any CPU
		{95D32E0D-8E86-4C4A-9B9C-DDFCA5A92E72}.Debug|x64.ActiveCfg = Debug|Any CPU
		{95D32E0D-8E86-4C4A-9B9C-DDFCA5A92E72}.Debug|x64.Build.0 = Debug|Any CPU
		{95D32E0D-8E86-4C4A-9B9C-DDFCA5A92E72}.Debug|x86.ActiveCfg = Debug|Any CPU
		{95D32E0D-8E86-4C4A-9B9C-DDFCA5A92E72}.Debug|x86.Build.0 = Debug|Any CPU
		{95D32E0D-8E86-4C4A-9B9C-DDFCA5A92E72}.Release|Any CPU.ActiveCfg = Release|Any CPU
		{95D32E0D-8E86-4C4A-9B9C-DDFCA5A92E72}.Release|Any CPU.Build.0 = Release|Any CPU
		{95D32E0D-8E86-4C4A-9B9C-DDFCA5A92E72}.Release|x64.ActiveCfg = Release|Any CPU
		{95D32E0D-8E86-4C4A-9B9C-DDFCA5A92E72}.Release|x64.Build.0 = Release|Any CPU
		{95D32E0D-8E86-4C4A-9B9C-DDFCA5A92E72}.Release|x86.ActiveCfg = Release|Any CPU
		{95D32E0D-8E86-4C4A-9B9C-DDFCA5A92E72}.Release|x86.Build.0 = Release|Any CPU
	EndGlobalSection
EndGlobal
